<?xml version="1.0" encoding="utf-8"?>
<Project ToolsVersion="4.0" xmlns="http://schemas.microsoft.com/developer/msbuild/2003">
  <ItemGroup>
    <Filter Include="源文件">
      <UniqueIdentifier>{4FC737F1-C7A5-4376-A066-2A32D752A2FF}</UniqueIdentifier>
      <Extensions>cpp;c;cc;cxx;c++;cppm;ixx;def;odl;idl;hpj;bat;asm;asmx</Extensions>
    </Filter>
    <Filter Include="头文件">
      <UniqueIdentifier>{93995380-89BD-4b04-88EB-625FBE52EBFB}</UniqueIdentifier>
      <Extensions>h;hh;hpp;hxx;h++;hm;inl;inc;ipp;xsd</Extensions>
    </Filter>
    <Filter Include="资源文件">
      <UniqueIdentifier>{67DA6AB6-F800-4c08-8B7A-83BB121AAD01}</UniqueIdentifier>
      <Extensions>rc;ico;cur;bmp;dlg;rc2;rct;bin;rgs;gif;jpg;jpeg;jpe;resx;tiff;tif;png;wav;mfcribbon-ms</Extensions>
    </Filter>
    <Filter Include="shaderVertex">
      <UniqueIdentifier>{11d3e5a3-545f-45c8-9e15-54eedb3a21cc}</UniqueIdentifier>
    </Filter>
    <Filter Include="shaderFragment">
      <UniqueIdentifier>{76fabf6b-411d-4a82-8c50-f82c433eb6da}</UniqueIdentifier>
    </Filter>
  </ItemGroup>
  <ItemGroup>
    <ClCompile Include="src\Application.cpp">
      <Filter>源文件</Filter>
    </ClCompile>
    <ClCompile Include="src\MyShader.cpp">
      <Filter>源文件</Filter>
    </ClCompile>
    <ClCompile Include="src\Camera.cpp">
      <Filter>源文件</Filter>
    </ClCompile>
    <ClCompile Include="src\Mesh.cpp">
      <Filter>源文件</Filter>
    </ClCompile>
    <ClCompile Include="src\Model.cpp">
      <Filter>源文件</Filter>
    </ClCompile>
    <ClCompile Include="src\stb_image.cpp">
      <Filter>源文件</Filter>
    </ClCompile>
    <ClCompile Include="Dependencies\glad\src\glad.c">
      <Filter>源文件</Filter>
    </ClCompile>
  </ItemGroup>
  <ItemGroup>
    <ClInclude Include="include\MyShader.h">
      <Filter>头文件</Filter>
    </ClInclude>
    <ClInclude Include="include\Camera.h">
      <Filter>头文件</Filter>
    </ClInclude>
    <ClInclude Include="include\Mesh.h">
      <Filter>头文件</Filter>
    </ClInclude>
    <ClInclude Include="include\Model.h">
      <Filter>头文件</Filter>
    </ClInclude>
  </ItemGroup>
  <ItemGroup>
    <None Include="shader\lightshader.fs">
      <Filter>shaderFragment</Filter>
    </None>
    <None Include="shader\model_loading.fs">
      <Filter>shaderFragment</Filter>
    </None>
    <None Include="shader\shader.fs">
      <Filter>shaderFragment</Filter>
    </None>
    <None Include="shader\model_loading.vs">
      <Filter>shaderVertex</Filter>
    </None>
    <None Include="shader\lightshader.vs">
      <Filter>shaderVertex</Filter>
    </None>
    <None Include="shader\shader.vs">
      <Filter>shaderVertex</Filter>
    </None>
    <None Include="shader\shaderSingleColor.fs">
      <Filter>shaderFragment</Filter>
    </None>
    <None Include="src\shaderSingleColor.vs">
      <Filter>shaderVertex</Filter>
    </None>
    <None Include="shader\frameBuffer.fs">
      <Filter>shaderFragment</Filter>
    </None>
    <None Include="shader\grassBlend.fs">
      <Filter>shaderFragment</Filter>
    </None>
    <None Include="shader\frameBuffer.vs">
      <Filter>shaderVertex</Filter>
    </None>
    <None Include="shader\grassBlend.vs">
      <Filter>shaderVertex</Filter>
    </None>
    <None Include="shader\shaderSingleColor.vs">
      <Filter>shaderVertex</Filter>
    </None>
    <None Include="shader\skybox.fs" />
    <None Include="shader\skybox.vs" />
    <None Include="shader\reflectBox.vs" />
    <None Include="shader\reflectBox.fs" />
    <None Include="shader\pointsShader.fs" />
    <None Include="shader\pointsShader.vs" />
    <None Include="shader\pointsShader.gs" />
    <None Include="shader\normalShader.vs" />
    <None Include="shader\normalShader.gs" />
    <None Include="shader\normalShader.fs" />
    <None Include="shader\model_loading.gs" />
    <None Include="shader\qurdInts.fs" />
    <None Include="shader\qurdInts.vs" />
  </ItemGroup>
</Project>